
Microsoft Visual Studio Solution File, Format Version 12.00
# Visual Studio Version 17
VisualStudioVersion = 17.5.33516.290
MinimumVisualStudioVersion = 10.0.40219.1
Project("{FAE04EC0-301F-11D3-BF4B-00C04F79EFBC}") = "StudentSystem.DAL", "StudentSystem.DAL\StudentSystem.DAL.csproj", "{740246DA-F4E8-482C-B7AF-BE9F62EA565B}"
EndProject
Project("{FAE04EC0-301F-11D3-BF4B-00C04F79EFBC}") = "StudentSystem.Data", "StudentSystem.Data\StudentSystem.Data.csproj", "{47240555-D0DE-4C6A-98C1-318CB8CA794F}"
EndProject
Project("{FAE04EC0-301F-11D3-BF4B-00C04F79EFBC}") = "StudentsSystem.API", "StudentsSystem.API\StudentsSystem.API.csproj", "{05356102-DA58-4E59-B0F7-F25C2E7D7B91}"
EndProject
Project("{FAE04EC0-301F-11D3-BF4B-00C04F79EFBC}") = "StudentSystem.Migrations", "StudentSystem.Migrations\StudentSystem.Migrations.csproj", "{675435BB-D8F2-4537-893D-15361261F074}"
EndProject
Global
	GlobalSection(SolutionConfigurationPlatforms) = preSolution
		Debug|Any CPU = Debug|Any CPU
		Release|Any CPU = Release|Any CPU
	EndGlobalSection
	GlobalSection(ProjectConfigurationPlatforms) = postSolution
		{740246DA-F4E8-482C-B7AF-BE9F62EA565B}.Debug|Any CPU.ActiveCfg = Debug|Any CPU
		{740246DA-F4E8-482C-B7AF-BE9F62EA565B}.Debug|Any CPU.Build.0 = Debug|Any CPU
		{740246DA-F4E8-482C-B7AF-BE9F62EA565B}.Release|Any CPU.ActiveCfg = Release|Any CPU
		{740246DA-F4E8-482C-B7AF-BE9F62EA565B}.Release|Any CPU.Build.0 = Release|Any CPU
		{47240555-D0DE-4C6A-98C1-318CB8CA794F}.Debug|Any CPU.ActiveCfg = Debug|Any CPU
		{47240555-D0DE-4C6A-98C1-318CB8CA794F}.Debug|Any CPU.Build.0 = Debug|Any CPU
		{47240555-D0DE-4C6A-98C1-318CB8CA794F}.Release|Any CPU.ActiveCfg = Release|Any CPU
		{47240555-D0DE-4C6A-98C1-318CB8CA794F}.Release|Any CPU.Build.0 = Release|Any CPU
		{05356102-DA58-4E59-B0F7-F25C2E7D7B91}.Debug|Any CPU.ActiveCfg = Debug|Any CPU
		{05356102-DA58-4E59-B0F7-F25C2E7D7B91}.Debug|Any CPU.Build.0 = Debug|Any CPU
		{05356102-DA58-4E59-B0F7-F25C2E7D7B91}.Release|Any CPU.ActiveCfg = Release|Any CPU
		{05356102-DA58-4E59-B0F7-F25C2E7D7B91}.Release|Any CPU.Build.0 = Release|Any CPU
		{675435BB-D8F2-4537-893D-15361261F074}.Debug|Any CPU.ActiveCfg = Debug|Any CPU
		{675435BB-D8F2-4537-893D-15361261F074}.Debug|Any CPU.Build.0 = Debug|Any CPU
		{675435BB-D8F2-4537-893D-15361261F074}.Release|Any CPU.ActiveCfg = Release|Any CPU
		{675435BB-D8F2-4537-893D-15361261F074}.Release|Any CPU.Build.0 = Release|Any CPU
	EndGlobalSection
	GlobalSection(SolutionProperties) = preSolution
		HideSolutionNode = FALSE
	EndGlobalSection
	GlobalSection(ExtensibilityGlobals) = postSolution
		SolutionGuid = {0DDAA87F-CA45-46D6-BF04-88AA4C2EEBD9}
	EndGlobalSection
EndGlobal
