
Microsoft Visual Studio Solution File, Format Version 12.00
# Visual Studio Version 17
VisualStudioVersion = 17.5.33516.290
MinimumVisualStudioVersion = 10.0.40219.1
Project("{FAE04EC0-301F-11D3-BF4B-00C04F79EFBC}") = "SalesDatabase", "SalesDatabase\SalesDatabase.csproj", "{3D599F3E-2FFD-4FA8-AF55-C433607CD338}"
EndProject
Project("{FAE04EC0-301F-11D3-BF4B-00C04F79EFBC}") = "SalesWeb", "SalesWeb\SalesWeb.csproj", "{A0AE791D-C9E1-48A2-8B12-8C7F72F5F6E9}"
EndProject
Global
	GlobalSection(SolutionConfigurationPlatforms) = preSolution
		Debug|Any CPU = Debug|Any CPU
		Release|Any CPU = Release|Any CPU
	EndGlobalSection
	GlobalSection(ProjectConfigurationPlatforms) = postSolution
		{3D599F3E-2FFD-4FA8-AF55-C433607CD338}.Debug|Any CPU.ActiveCfg = Debug|Any CPU
		{3D599F3E-2FFD-4FA8-AF55-C433607CD338}.Debug|Any CPU.Build.0 = Debug|Any CPU
		{3D599F3E-2FFD-4FA8-AF55-C433607CD338}.Release|Any CPU.ActiveCfg = Release|Any CPU
		{3D599F3E-2FFD-4FA8-AF55-C433607CD338}.Release|Any CPU.Build.0 = Release|Any CPU
		{A0AE791D-C9E1-48A2-8B12-8C7F72F5F6E9}.Debug|Any CPU.ActiveCfg = Debug|Any CPU
		{A0AE791D-C9E1-48A2-8B12-8C7F72F5F6E9}.Debug|Any CPU.Build.0 = Debug|Any CPU
		{A0AE791D-C9E1-48A2-8B12-8C7F72F5F6E9}.Release|Any CPU.ActiveCfg = Release|Any CPU
		{A0AE791D-C9E1-48A2-8B12-8C7F72F5F6E9}.Release|Any CPU.Build.0 = Release|Any CPU
	EndGlobalSection
	GlobalSection(SolutionProperties) = preSolution
		HideSolutionNode = FALSE
	EndGlobalSection
	GlobalSection(ExtensibilityGlobals) = postSolution
		SolutionGuid = {41A6BF68-F829-4BAB-B30E-9336760A4AB2}
	EndGlobalSection
EndGlobal
