
Microsoft Visual Studio Solution File, Format Version 12.00
# Visual Studio Version 17
VisualStudioVersion = 17.5.33516.290
MinimumVisualStudioVersion = 10.0.40219.1
Project("{FAE04EC0-301F-11D3-BF4B-00C04F79EFBC}") = "HospitalDatabase", "HospitalDatabase\HospitalDatabase.csproj", "{D4555516-7D86-41F1-94F7-2654D876E728}"
EndProject
Project("{FAE04EC0-301F-11D3-BF4B-00C04F79EFBC}") = "HospitalWeb", "HospitalWeb\HospitalWeb.csproj", "{BF22C810-2793-42CF-BA1C-BFD596ACB17B}"
EndProject
Global
	GlobalSection(SolutionConfigurationPlatforms) = preSolution
		Debug|Any CPU = Debug|Any CPU
		Release|Any CPU = Release|Any CPU
	EndGlobalSection
	GlobalSection(ProjectConfigurationPlatforms) = postSolution
		{D4555516-7D86-41F1-94F7-2654D876E728}.Debug|Any CPU.ActiveCfg = Debug|Any CPU
		{D4555516-7D86-41F1-94F7-2654D876E728}.Debug|Any CPU.Build.0 = Debug|Any CPU
		{D4555516-7D86-41F1-94F7-2654D876E728}.Release|Any CPU.ActiveCfg = Release|Any CPU
		{D4555516-7D86-41F1-94F7-2654D876E728}.Release|Any CPU.Build.0 = Release|Any CPU
		{BF22C810-2793-42CF-BA1C-BFD596ACB17B}.Debug|Any CPU.ActiveCfg = Debug|Any CPU
		{BF22C810-2793-42CF-BA1C-BFD596ACB17B}.Debug|Any CPU.Build.0 = Debug|Any CPU
		{BF22C810-2793-42CF-BA1C-BFD596ACB17B}.Release|Any CPU.ActiveCfg = Release|Any CPU
		{BF22C810-2793-42CF-BA1C-BFD596ACB17B}.Release|Any CPU.Build.0 = Release|Any CPU
	EndGlobalSection
	GlobalSection(SolutionProperties) = preSolution
		HideSolutionNode = FALSE
	EndGlobalSection
	GlobalSection(ExtensibilityGlobals) = postSolution
		SolutionGuid = {747FA12D-41CF-4AF3-AEED-6B5CF338DBEC}
	EndGlobalSection
EndGlobal
