
Microsoft Visual Studio Solution File, Format Version 12.00
# Visual Studio Version 17
VisualStudioVersion = 17.5.33516.290
MinimumVisualStudioVersion = 10.0.40219.1
Project("{9A19103F-16F7-4668-BE54-9A1E7A4F7556}") = "HospitalDatabase", "HospitalDatabase.csproj", "{4C5E86BF-7A4A-4395-854F-A76997D4FB1F}"
EndProject
Project("{FAE04EC0-301F-11D3-BF4B-00C04F79EFBC}") = "SalesDatabase", "..\SalesDatabase\SalesDatabase.csproj", "{18F36D03-F99E-4C4C-9E0C-17A5D86DDE49}"
EndProject
Global
	GlobalSection(SolutionConfigurationPlatforms) = preSolution
		Debug|Any CPU = Debug|Any CPU
		Release|Any CPU = Release|Any CPU
	EndGlobalSection
	GlobalSection(ProjectConfigurationPlatforms) = postSolution
		{4C5E86BF-7A4A-4395-854F-A76997D4FB1F}.Debug|Any CPU.ActiveCfg = Debug|Any CPU
		{4C5E86BF-7A4A-4395-854F-A76997D4FB1F}.Debug|Any CPU.Build.0 = Debug|Any CPU
		{4C5E86BF-7A4A-4395-854F-A76997D4FB1F}.Release|Any CPU.ActiveCfg = Release|Any CPU
		{4C5E86BF-7A4A-4395-854F-A76997D4FB1F}.Release|Any CPU.Build.0 = Release|Any CPU
		{18F36D03-F99E-4C4C-9E0C-17A5D86DDE49}.Debug|Any CPU.ActiveCfg = Debug|Any CPU
		{18F36D03-F99E-4C4C-9E0C-17A5D86DDE49}.Debug|Any CPU.Build.0 = Debug|Any CPU
		{18F36D03-F99E-4C4C-9E0C-17A5D86DDE49}.Release|Any CPU.ActiveCfg = Release|Any CPU
		{18F36D03-F99E-4C4C-9E0C-17A5D86DDE49}.Release|Any CPU.Build.0 = Release|Any CPU
	EndGlobalSection
	GlobalSection(SolutionProperties) = preSolution
		HideSolutionNode = FALSE
	EndGlobalSection
	GlobalSection(ExtensibilityGlobals) = postSolution
		SolutionGuid = {808A3778-3A95-47C2-B96E-DC208C330720}
	EndGlobalSection
EndGlobal
