
Microsoft Visual Studio Solution File, Format Version 12.00
# Visual Studio Version 17
VisualStudioVersion = 17.5.33516.290
MinimumVisualStudioVersion = 10.0.40219.1
Project("{9A19103F-16F7-4668-BE54-9A1E7A4F7556}") = "BlazingPizza", "BlazingPizza.csproj", "{26258F00-4BB8-433C-A0A3-FE1FC5FEAEEA}"
EndProject
Global
	GlobalSection(SolutionConfigurationPlatforms) = preSolution
		Debug|Any CPU = Debug|Any CPU
		Release|Any CPU = Release|Any CPU
	EndGlobalSection
	GlobalSection(ProjectConfigurationPlatforms) = postSolution
		{26258F00-4BB8-433C-A0A3-FE1FC5FEAEEA}.Debug|Any CPU.ActiveCfg = Debug|Any CPU
		{26258F00-4BB8-433C-A0A3-FE1FC5FEAEEA}.Debug|Any CPU.Build.0 = Debug|Any CPU
		{26258F00-4BB8-433C-A0A3-FE1FC5FEAEEA}.Release|Any CPU.ActiveCfg = Release|Any CPU
		{26258F00-4BB8-433C-A0A3-FE1FC5FEAEEA}.Release|Any CPU.Build.0 = Release|Any CPU
	EndGlobalSection
	GlobalSection(SolutionProperties) = preSolution
		HideSolutionNode = FALSE
	EndGlobalSection
	GlobalSection(ExtensibilityGlobals) = postSolution
		SolutionGuid = {16A0662B-F4A5-44EB-A84B-64136E492ED6}
	EndGlobalSection
EndGlobal
