
Microsoft Visual Studio Solution File, Format Version 12.00
# Visual Studio Version 17
VisualStudioVersion = 17.5.33516.290
MinimumVisualStudioVersion = 10.0.40219.1
Project("{9A19103F-16F7-4668-BE54-9A1E7A4F7556}") = "PizzaStore", "PizzaStore\PizzaStore.csproj", "{835528BA-FD4A-4620-B23F-8852539E4224}"
EndProject
Global
	GlobalSection(SolutionConfigurationPlatforms) = preSolution
		Debug|Any CPU = Debug|Any CPU
		Release|Any CPU = Release|Any CPU
	EndGlobalSection
	GlobalSection(ProjectConfigurationPlatforms) = postSolution
		{835528BA-FD4A-4620-B23F-8852539E4224}.Debug|Any CPU.ActiveCfg = Debug|Any CPU
		{835528BA-FD4A-4620-B23F-8852539E4224}.Debug|Any CPU.Build.0 = Debug|Any CPU
		{835528BA-FD4A-4620-B23F-8852539E4224}.Release|Any CPU.ActiveCfg = Release|Any CPU
		{835528BA-FD4A-4620-B23F-8852539E4224}.Release|Any CPU.Build.0 = Release|Any CPU
	EndGlobalSection
	GlobalSection(SolutionProperties) = preSolution
		HideSolutionNode = FALSE
	EndGlobalSection
	GlobalSection(ExtensibilityGlobals) = postSolution
		SolutionGuid = {DB4B5CCD-CE8E-456B-BA44-809A7C4249BB}
	EndGlobalSection
EndGlobal
