
Microsoft Visual Studio Solution File, Format Version 12.00
# Visual Studio Version 17
VisualStudioVersion = 17.5.33516.290
MinimumVisualStudioVersion = 10.0.40219.1
Project("{FAE04EC0-301F-11D3-BF4B-00C04F79EFBC}") = "FotballBetting.Data.Models", "FotballBetting.Data.Models\FotballBetting.Data.Models.csproj", "{30B8EC52-F9CA-48D6-B762-7DB0E5755DDD}"
EndProject
Project("{FAE04EC0-301F-11D3-BF4B-00C04F79EFBC}") = "FootballBetting.Data", "FootballBetting.Data\FootballBetting.Data.csproj", "{E4E4EB48-C267-4080-B833-CAB14762BC72}"
EndProject
Project("{FAE04EC0-301F-11D3-BF4B-00C04F79EFBC}") = "FootballBetting.Configuration", "FootballBetting.Configuration\FootballBetting.Configuration.csproj", "{797AAFC4-4E84-4B95-BF49-C908CFAA1EEA}"
EndProject
Project("{FAE04EC0-301F-11D3-BF4B-00C04F79EFBC}") = "FootballBettingWeb", "FootballBettingWeb\FootballBettingWeb.csproj", "{300BA80B-3145-4829-8235-027019E11853}"
EndProject
Global
	GlobalSection(SolutionConfigurationPlatforms) = preSolution
		Debug|Any CPU = Debug|Any CPU
		Release|Any CPU = Release|Any CPU
	EndGlobalSection
	GlobalSection(ProjectConfigurationPlatforms) = postSolution
		{30B8EC52-F9CA-48D6-B762-7DB0E5755DDD}.Debug|Any CPU.ActiveCfg = Debug|Any CPU
		{30B8EC52-F9CA-48D6-B762-7DB0E5755DDD}.Debug|Any CPU.Build.0 = Debug|Any CPU
		{30B8EC52-F9CA-48D6-B762-7DB0E5755DDD}.Release|Any CPU.ActiveCfg = Release|Any CPU
		{30B8EC52-F9CA-48D6-B762-7DB0E5755DDD}.Release|Any CPU.Build.0 = Release|Any CPU
		{E4E4EB48-C267-4080-B833-CAB14762BC72}.Debug|Any CPU.ActiveCfg = Debug|Any CPU
		{E4E4EB48-C267-4080-B833-CAB14762BC72}.Debug|Any CPU.Build.0 = Debug|Any CPU
		{E4E4EB48-C267-4080-B833-CAB14762BC72}.Release|Any CPU.ActiveCfg = Release|Any CPU
		{E4E4EB48-C267-4080-B833-CAB14762BC72}.Release|Any CPU.Build.0 = Release|Any CPU
		{797AAFC4-4E84-4B95-BF49-C908CFAA1EEA}.Debug|Any CPU.ActiveCfg = Debug|Any CPU
		{797AAFC4-4E84-4B95-BF49-C908CFAA1EEA}.Debug|Any CPU.Build.0 = Debug|Any CPU
		{797AAFC4-4E84-4B95-BF49-C908CFAA1EEA}.Release|Any CPU.ActiveCfg = Release|Any CPU
		{797AAFC4-4E84-4B95-BF49-C908CFAA1EEA}.Release|Any CPU.Build.0 = Release|Any CPU
		{300BA80B-3145-4829-8235-027019E11853}.Debug|Any CPU.ActiveCfg = Debug|Any CPU
		{300BA80B-3145-4829-8235-027019E11853}.Debug|Any CPU.Build.0 = Debug|Any CPU
		{300BA80B-3145-4829-8235-027019E11853}.Release|Any CPU.ActiveCfg = Release|Any CPU
		{300BA80B-3145-4829-8235-027019E11853}.Release|Any CPU.Build.0 = Release|Any CPU
	EndGlobalSection
	GlobalSection(SolutionProperties) = preSolution
		HideSolutionNode = FALSE
	EndGlobalSection
	GlobalSection(ExtensibilityGlobals) = postSolution
		SolutionGuid = {6C3B2DB5-CB5D-496E-8499-C3988A5F046C}
	EndGlobalSection
EndGlobal
